{
  "version": 4,
  "terraform_version": "1.3.6",
  "serial": 795,
  "lineage": "21b7da1c-c667-8d0f-6e1e-1562bd1b5c00",
  "outputs": {},
  "resources": [
    {
      "mode": "managed",
      "type": "aci_application_epg",
      "name": "terraform_epg",
      "provider": "provider[\"registry.terraform.io/ciscodevnet/aci\"]",
      "instances": [
        {
          "index_key": "db_epg",
          "schema_version": 1,
          "attributes": {
            "annotation": "orchestrator:terraform",
            "application_profile_dn": "uni/tn-tf_tn/ap-tf_ap",
            "description": "EPG Created Using Terraform",
            "exception_tag": "",
            "flood_on_encap": "disabled",
            "fwd_ctrl": "",
            "has_mcast_source": "no",
            "id": "uni/tn-tf_tn/ap-tf_ap/epg-db",
            "is_attr_based_epg": "no",
            "match_t": "AtleastOne",
            "name": "db",
            "name_alias": "",
            "pc_enf_pref": "unenforced",
            "pref_gr_memb": "exclude",
            "prio": "unspecified",
            "relation_fv_rs_aepg_mon_pol": "",
            "relation_fv_rs_bd": "uni/tn-tf_tn/BD-db_bd",
            "relation_fv_rs_cons": null,
            "relation_fv_rs_cons_if": null,
            "relation_fv_rs_cust_qos_pol": null,
            "relation_fv_rs_dpp_pol": "",
            "relation_fv_rs_fc_path_att": null,
            "relation_fv_rs_graph_def": null,
            "relation_fv_rs_intra_epg": null,
            "relation_fv_rs_node_att": null,
            "relation_fv_rs_prot_by": null,
            "relation_fv_rs_prov": null,
            "relation_fv_rs_prov_def": null,
            "relation_fv_rs_sec_inherited": null,
            "relation_fv_rs_trust_ctrl": "",
            "shutdown": "no"
          },
          "sensitive_attributes": [],
          "private": "eyJzY2hlbWFfdmVyc2lvbiI6IjEifQ==",
          "dependencies": [
            "aci_application_profile.terraform_ap",
            "aci_bridge_domain.terraform_bd",
            "aci_tenant.terraform_tenant",
            "aci_vrf.terraform_vrf"
          ]
        },
        {
          "index_key": "web_epg",
          "schema_version": 1,
          "attributes": {
            "annotation": "orchestrator:terraform",
            "application_profile_dn": "uni/tn-tf_tn/ap-tf_ap",
            "description": "EPG Created Using Terraform",
            "exception_tag": "",
            "flood_on_encap": "disabled",
            "fwd_ctrl": "",
            "has_mcast_source": "no",
            "id": "uni/tn-tf_tn/ap-tf_ap/epg-web",
            "is_attr_based_epg": "no",
            "match_t": "AtleastOne",
            "name": "web",
            "name_alias": "",
            "pc_enf_pref": "unenforced",
            "pref_gr_memb": "exclude",
            "prio": "unspecified",
            "relation_fv_rs_aepg_mon_pol": "",
            "relation_fv_rs_bd": "uni/tn-tf_tn/BD-web_bd",
            "relation_fv_rs_cons": null,
            "relation_fv_rs_cons_if": null,
            "relation_fv_rs_cust_qos_pol": null,
            "relation_fv_rs_dpp_pol": "",
            "relation_fv_rs_fc_path_att": null,
            "relation_fv_rs_graph_def": null,
            "relation_fv_rs_intra_epg": null,
            "relation_fv_rs_node_att": null,
            "relation_fv_rs_prot_by": null,
            "relation_fv_rs_prov": null,
            "relation_fv_rs_prov_def": null,
            "relation_fv_rs_sec_inherited": null,
            "relation_fv_rs_trust_ctrl": "",
            "shutdown": "no"
          },
          "sensitive_attributes": [],
          "private": "eyJzY2hlbWFfdmVyc2lvbiI6IjEifQ==",
          "dependencies": [
            "aci_application_profile.terraform_ap",
            "aci_bridge_domain.terraform_bd",
            "aci_tenant.terraform_tenant",
            "aci_vrf.terraform_vrf"
          ]
        }
      ]
    },
    {
      "mode": "managed",
      "type": "aci_application_profile",
      "name": "terraform_ap",
      "provider": "provider[\"registry.terraform.io/ciscodevnet/aci\"]",
      "instances": [
        {
          "schema_version": 1,
          "attributes": {
            "annotation": "orchestrator:terraform",
            "description": "App Profile Created Using Terraform",
            "id": "uni/tn-tf_tn/ap-tf_ap",
            "name": "tf_ap",
            "name_alias": "",
            "prio": "unspecified",
            "relation_fv_rs_ap_mon_pol": "",
            "tenant_dn": "uni/tn-tf_tn"
          },
          "sensitive_attributes": [],
          "private": "eyJzY2hlbWFfdmVyc2lvbiI6IjEifQ==",
          "dependencies": [
            "aci_tenant.terraform_tenant"
          ]
        }
      ]
    },
    {
      "mode": "managed",
      "type": "aci_bridge_domain",
      "name": "terraform_bd",
      "provider": "provider[\"registry.terraform.io/ciscodevnet/aci\"]",
      "instances": [
        {
          "index_key": "db_bd",
          "schema_version": 1,
          "attributes": {
            "annotation": "orchestrator:terraform",
            "arp_flood": "no",
            "bridge_domain_type": "regular",
            "description": "",
            "ep_clear": "no",
            "ep_move_detect_mode": "",
            "host_based_routing": "no",
            "id": "uni/tn-tf_tn/BD-db_bd",
            "intersite_bum_traffic_allow": "no",
            "intersite_l2_stretch": "no",
            "ip_learning": "yes",
            "ipv6_mcast_allow": "no",
            "limit_ip_learn_to_subnets": "yes",
            "ll_addr": "::",
            "mac": "00:22:BD:F8:19:FF",
            "mcast_allow": "no",
            "multi_dst_pkt_act": "bd-flood",
            "name": "db_bd",
            "name_alias": "",
            "optimize_wan_bandwidth": "no",
            "relation_fv_rs_abd_pol_mon_pol": "",
            "relation_fv_rs_bd_flood_to": null,
            "relation_fv_rs_bd_to_ep_ret": null,
            "relation_fv_rs_bd_to_fhs": "",
            "relation_fv_rs_bd_to_nd_p": null,
            "relation_fv_rs_bd_to_netflow_monitor_pol": [],
            "relation_fv_rs_bd_to_out": null,
            "relation_fv_rs_bd_to_profile": "",
            "relation_fv_rs_bd_to_relay_p": "",
            "relation_fv_rs_ctx": "uni/tn-tf_tn/ctx-tf_vrf",
            "relation_fv_rs_igmpsn": null,
            "relation_fv_rs_mldsn": null,
            "tenant_dn": "uni/tn-tf_tn",
            "unicast_route": "yes",
            "unk_mac_ucast_act": "proxy",
            "unk_mcast_act": "flood",
            "v6unk_mcast_act": "flood",
            "vmac": "not-applicable"
          },
          "sensitive_attributes": [],
          "private": "eyJzY2hlbWFfdmVyc2lvbiI6IjEifQ==",
          "dependencies": [
            "aci_tenant.terraform_tenant",
            "aci_vrf.terraform_vrf"
          ]
        },
        {
          "index_key": "web_bd",
          "schema_version": 1,
          "attributes": {
            "annotation": "orchestrator:terraform",
            "arp_flood": "no",
            "bridge_domain_type": "regular",
            "description": "",
            "ep_clear": "no",
            "ep_move_detect_mode": "",
            "host_based_routing": "no",
            "id": "uni/tn-tf_tn/BD-web_bd",
            "intersite_bum_traffic_allow": "no",
            "intersite_l2_stretch": "no",
            "ip_learning": "yes",
            "ipv6_mcast_allow": "no",
            "limit_ip_learn_to_subnets": "yes",
            "ll_addr": "::",
            "mac": "00:22:BD:F8:19:FF",
            "mcast_allow": "no",
            "multi_dst_pkt_act": "bd-flood",
            "name": "web_bd",
            "name_alias": "",
            "optimize_wan_bandwidth": "no",
            "relation_fv_rs_abd_pol_mon_pol": "",
            "relation_fv_rs_bd_flood_to": null,
            "relation_fv_rs_bd_to_ep_ret": null,
            "relation_fv_rs_bd_to_fhs": "",
            "relation_fv_rs_bd_to_nd_p": null,
            "relation_fv_rs_bd_to_netflow_monitor_pol": [],
            "relation_fv_rs_bd_to_out": null,
            "relation_fv_rs_bd_to_profile": "",
            "relation_fv_rs_bd_to_relay_p": "",
            "relation_fv_rs_ctx": "uni/tn-tf_tn/ctx-tf_vrf",
            "relation_fv_rs_igmpsn": null,
            "relation_fv_rs_mldsn": null,
            "tenant_dn": "uni/tn-tf_tn",
            "unicast_route": "yes",
            "unk_mac_ucast_act": "proxy",
            "unk_mcast_act": "flood",
            "v6unk_mcast_act": "flood",
            "vmac": "not-applicable"
          },
          "sensitive_attributes": [],
          "private": "eyJzY2hlbWFfdmVyc2lvbiI6IjEifQ==",
          "dependencies": [
            "aci_tenant.terraform_tenant",
            "aci_vrf.terraform_vrf"
          ]
        }
      ]
    },
    {
      "mode": "managed",
      "type": "aci_contract",
      "name": "terraform_contract",
      "provider": "provider[\"registry.terraform.io/ciscodevnet/aci\"]",
      "instances": [
        {
          "index_key": "contract_sql",
          "schema_version": 1,
          "attributes": {
            "annotation": "orchestrator:terraform",
            "description": "Contract created using Terraform",
            "filter": [],
            "filter_entry_ids": [],
            "filter_ids": [],
            "id": "uni/tn-tf_tn/brc-sql",
            "name": "sql",
            "name_alias": "",
            "prio": "unspecified",
            "relation_vz_rs_graph_att": "",
            "scope": "context",
            "target_dscp": "unspecified",
            "tenant_dn": "uni/tn-tf_tn"
          },
          "sensitive_attributes": [],
          "private": "eyJzY2hlbWFfdmVyc2lvbiI6IjEifQ==",
          "dependencies": [
            "aci_tenant.terraform_tenant"
          ]
        },
        {
          "index_key": "contract_web",
          "schema_version": 1,
          "attributes": {
            "annotation": "orchestrator:terraform",
            "description": "Contract created using Terraform",
            "filter": [],
            "filter_entry_ids": [],
            "filter_ids": [],
            "id": "uni/tn-tf_tn/brc-web",
            "name": "web",
            "name_alias": "",
            "prio": "unspecified",
            "relation_vz_rs_graph_att": "",
            "scope": "context",
            "target_dscp": "unspecified",
            "tenant_dn": "uni/tn-tf_tn"
          },
          "sensitive_attributes": [],
          "private": "eyJzY2hlbWFfdmVyc2lvbiI6IjEifQ==",
          "dependencies": [
            "aci_tenant.terraform_tenant"
          ]
        }
      ]
    },
    {
      "mode": "managed",
      "type": "aci_contract_subject",
      "name": "terraform_contract_subject",
      "provider": "provider[\"registry.terraform.io/ciscodevnet/aci\"]",
      "instances": [
        {
          "index_key": "contract_sql",
          "schema_version": 1,
          "attributes": {
            "annotation": "orchestrator:terraform",
            "cons_match_t": "AtleastOne",
            "contract_dn": "uni/tn-tf_tn/brc-sql",
            "description": "",
            "id": "uni/tn-tf_tn/brc-sql/subj-sql",
            "name": "sql",
            "name_alias": "",
            "prio": "unspecified",
            "prov_match_t": "AtleastOne",
            "relation_vz_rs_sdwan_pol": "",
            "relation_vz_rs_subj_filt_att": [
              "uni/tn-tf_tn/flt-sql"
            ],
            "relation_vz_rs_subj_graph_att": "",
            "rev_flt_ports": "yes",
            "target_dscp": "unspecified"
          },
          "sensitive_attributes": [],
          "private": "eyJzY2hlbWFfdmVyc2lvbiI6IjEifQ==",
          "dependencies": [
            "aci_contract.terraform_contract",
            "aci_filter.terraform_filter",
            "aci_tenant.terraform_tenant"
          ]
        },
        {
          "index_key": "contract_web",
          "schema_version": 1,
          "attributes": {
            "annotation": "orchestrator:terraform",
            "cons_match_t": "AtleastOne",
            "contract_dn": "uni/tn-tf_tn/brc-web",
            "description": "",
            "id": "uni/tn-tf_tn/brc-web/subj-https",
            "name": "https",
            "name_alias": "",
            "prio": "unspecified",
            "prov_match_t": "AtleastOne",
            "relation_vz_rs_sdwan_pol": "",
            "relation_vz_rs_subj_filt_att": [
              "uni/tn-tf_tn/flt-https"
            ],
            "relation_vz_rs_subj_graph_att": "",
            "rev_flt_ports": "yes",
            "target_dscp": "unspecified"
          },
          "sensitive_attributes": [],
          "private": "eyJzY2hlbWFfdmVyc2lvbiI6IjEifQ==",
          "dependencies": [
            "aci_contract.terraform_contract",
            "aci_filter.terraform_filter",
            "aci_tenant.terraform_tenant"
          ]
        }
      ]
    },
    {
      "mode": "managed",
      "type": "aci_epg_to_contract",
      "name": "terraform_epg_contract",
      "provider": "provider[\"registry.terraform.io/ciscodevnet/aci\"]",
      "instances": [
        {
          "index_key": "contract_1",
          "schema_version": 1,
          "attributes": {
            "annotation": "orchestrator:terraform",
            "application_epg_dn": "uni/tn-tf_tn/ap-tf_ap/epg-web",
            "contract_dn": "uni/tn-tf_tn/brc-web",
            "contract_type": "provider",
            "description": null,
            "id": "uni/tn-tf_tn/ap-tf_ap/epg-web/rsprov-web",
            "match_t": "AtleastOne",
            "prio": "unspecified"
          },
          "sensitive_attributes": [],
          "private": "eyJzY2hlbWFfdmVyc2lvbiI6IjEifQ==",
          "dependencies": [
            "aci_application_epg.terraform_epg",
            "aci_application_profile.terraform_ap",
            "aci_bridge_domain.terraform_bd",
            "aci_contract.terraform_contract",
            "aci_tenant.terraform_tenant",
            "aci_vrf.terraform_vrf"
          ]
        },
        {
          "index_key": "contract_2",
          "schema_version": 1,
          "attributes": {
            "annotation": "orchestrator:terraform",
            "application_epg_dn": "uni/tn-tf_tn/ap-tf_ap/epg-web",
            "contract_dn": "uni/tn-tf_tn/brc-sql",
            "contract_type": "consumer",
            "description": null,
            "id": "uni/tn-tf_tn/ap-tf_ap/epg-web/rscons-sql",
            "match_t": null,
            "prio": "unspecified"
          },
          "sensitive_attributes": [],
          "private": "eyJzY2hlbWFfdmVyc2lvbiI6IjEifQ==",
          "dependencies": [
            "aci_application_epg.terraform_epg",
            "aci_application_profile.terraform_ap",
            "aci_bridge_domain.terraform_bd",
            "aci_contract.terraform_contract",
            "aci_tenant.terraform_tenant",
            "aci_vrf.terraform_vrf"
          ]
        },
        {
          "index_key": "contract_3",
          "schema_version": 1,
          "attributes": {
            "annotation": "orchestrator:terraform",
            "application_epg_dn": "uni/tn-tf_tn/ap-tf_ap/epg-db",
            "contract_dn": "uni/tn-tf_tn/brc-sql",
            "contract_type": "provider",
            "description": null,
            "id": "uni/tn-tf_tn/ap-tf_ap/epg-db/rsprov-sql",
            "match_t": "AtleastOne",
            "prio": "unspecified"
          },
          "sensitive_attributes": [],
          "private": "eyJzY2hlbWFfdmVyc2lvbiI6IjEifQ==",
          "dependencies": [
            "aci_application_epg.terraform_epg",
            "aci_application_profile.terraform_ap",
            "aci_bridge_domain.terraform_bd",
            "aci_contract.terraform_contract",
            "aci_tenant.terraform_tenant",
            "aci_vrf.terraform_vrf"
          ]
        }
      ]
    },
    {
      "mode": "managed",
      "type": "aci_epg_to_domain",
      "name": "terraform_epg_domain",
      "provider": "provider[\"registry.terraform.io/ciscodevnet/aci\"]",
      "instances": [
        {
          "index_key": "db_epg",
          "schema_version": 1,
          "attributes": {
            "allow_micro_seg": false,
            "annotation": "orchestrator:terraform",
            "application_epg_dn": "uni/tn-tf_tn/ap-tf_ap/epg-db",
            "binding_type": "none",
            "delimiter": "",
            "description": null,
            "encap": "unknown",
            "encap_mode": "auto",
            "epg_cos": "Cos0",
            "epg_cos_pref": "disabled",
            "id": "uni/tn-tf_tn/ap-tf_ap/epg-db/rsdomAtt-[uni/phys-physdom]",
            "instr_imedcy": "lazy",
            "lag_policy_name": "",
            "netflow_dir": "both",
            "netflow_pref": "disabled",
            "num_ports": "0",
            "port_allocation": "none",
            "primary_encap": "unknown",
            "primary_encap_inner": "unknown",
            "res_imedcy": "lazy",
            "secondary_encap_inner": "unknown",
            "switching_mode": "native",
            "tdn": "uni/phys-physdom",
            "vmm_allow_promiscuous": "reject",
            "vmm_forged_transmits": "reject",
            "vmm_id": "uni/tn-tf_tn/ap-tf_ap/epg-db/rsdomAtt-[uni/phys-physdom]/sec",
            "vmm_mac_changes": "reject"
          },
          "sensitive_attributes": [],
          "private": "eyJzY2hlbWFfdmVyc2lvbiI6IjEifQ==",
          "dependencies": [
            "aci_application_epg.terraform_epg",
            "aci_application_profile.terraform_ap",
            "aci_bridge_domain.terraform_bd",
            "aci_tenant.terraform_tenant",
            "aci_vrf.terraform_vrf"
          ]
        },
        {
          "index_key": "web_epg",
          "schema_version": 1,
          "attributes": {
            "allow_micro_seg": false,
            "annotation": "orchestrator:terraform",
            "application_epg_dn": "uni/tn-tf_tn/ap-tf_ap/epg-web",
            "binding_type": "none",
            "delimiter": "",
            "description": null,
            "encap": "unknown",
            "encap_mode": "auto",
            "epg_cos": "Cos0",
            "epg_cos_pref": "disabled",
            "id": "uni/tn-tf_tn/ap-tf_ap/epg-web/rsdomAtt-[uni/vmmp-VMware/dom-dc1_vds]",
            "instr_imedcy": "lazy",
            "lag_policy_name": "",
            "netflow_dir": "both",
            "netflow_pref": "disabled",
            "num_ports": "0",
            "port_allocation": "none",
            "primary_encap": "unknown",
            "primary_encap_inner": "unknown",
            "res_imedcy": "lazy",
            "secondary_encap_inner": "unknown",
            "switching_mode": "native",
            "tdn": "uni/vmmp-VMware/dom-dc1_vds",
            "vmm_allow_promiscuous": "reject",
            "vmm_forged_transmits": "reject",
            "vmm_id": "uni/tn-tf_tn/ap-tf_ap/epg-web/rsdomAtt-[uni/vmmp-VMware/dom-dc1_vds]/sec",
            "vmm_mac_changes": "reject"
          },
          "sensitive_attributes": [],
          "private": "eyJzY2hlbWFfdmVyc2lvbiI6IjEifQ==",
          "dependencies": [
            "aci_application_epg.terraform_epg",
            "aci_application_profile.terraform_ap",
            "aci_bridge_domain.terraform_bd",
            "aci_tenant.terraform_tenant",
            "aci_vrf.terraform_vrf"
          ]
        }
      ]
    },
    {
      "mode": "managed",
      "type": "aci_epg_to_static_path",
      "name": "terraform_epg_static_path",
      "provider": "provider[\"registry.terraform.io/ciscodevnet/aci\"]",
      "instances": [
        {
          "index_key": "static_1",
          "schema_version": 1,
          "attributes": {
            "annotation": "orchestrator:terraform",
            "application_epg_dn": "uni/tn-tf_tn/ap-tf_ap/epg-db",
            "description": null,
            "encap": "vlan-410",
            "id": "uni/tn-tf_tn/ap-tf_ap/epg-db/rspathAtt-[topology/pod-1/paths-101/pathep-[eth1/1]]",
            "instr_imedcy": "lazy",
            "mode": "regular",
            "primary_encap": "unknown",
            "tdn": "topology/pod-1/paths-101/pathep-[eth1/1]"
          },
          "sensitive_attributes": [],
          "private": "eyJzY2hlbWFfdmVyc2lvbiI6IjEifQ==",
          "dependencies": [
            "aci_application_epg.terraform_epg",
            "aci_application_profile.terraform_ap",
            "aci_bridge_domain.terraform_bd",
            "aci_tenant.terraform_tenant",
            "aci_vrf.terraform_vrf"
          ]
        },
        {
          "index_key": "static_2",
          "schema_version": 1,
          "attributes": {
            "annotation": "orchestrator:terraform",
            "application_epg_dn": "uni/tn-tf_tn/ap-tf_ap/epg-db",
            "description": null,
            "encap": "vlan-400",
            "id": "uni/tn-tf_tn/ap-tf_ap/epg-db/rspathAtt-[topology/pod-1/paths-103/pathep-[eth1/1]]",
            "instr_imedcy": "lazy",
            "mode": "regular",
            "primary_encap": "unknown",
            "tdn": "topology/pod-1/paths-103/pathep-[eth1/1]"
          },
          "sensitive_attributes": [],
          "private": "eyJzY2hlbWFfdmVyc2lvbiI6IjEifQ==",
          "dependencies": [
            "aci_application_epg.terraform_epg",
            "aci_application_profile.terraform_ap",
            "aci_bridge_domain.terraform_bd",
            "aci_tenant.terraform_tenant",
            "aci_vrf.terraform_vrf"
          ]
        },
        {
          "index_key": "static_3",
          "schema_version": 1,
          "attributes": {
            "annotation": "orchestrator:terraform",
            "application_epg_dn": "uni/tn-tf_tn/ap-tf_ap/epg-db",
            "description": null,
            "encap": "vlan-410",
            "id": "uni/tn-tf_tn/ap-tf_ap/epg-db/rspathAtt-[topology/pod-1/paths-102/pathep-[eth1/3]]",
            "instr_imedcy": "lazy",
            "mode": "regular",
            "primary_encap": "unknown",
            "tdn": "topology/pod-1/paths-102/pathep-[eth1/3]"
          },
          "sensitive_attributes": [],
          "private": "eyJzY2hlbWFfdmVyc2lvbiI6IjEifQ==",
          "dependencies": [
            "aci_application_epg.terraform_epg",
            "aci_application_profile.terraform_ap",
            "aci_bridge_domain.terraform_bd",
            "aci_tenant.terraform_tenant",
            "aci_vrf.terraform_vrf"
          ]
        }
      ]
    },
    {
      "mode": "managed",
      "type": "aci_filter",
      "name": "terraform_filter",
      "provider": "provider[\"registry.terraform.io/ciscodevnet/aci\"]",
      "instances": [
        {
          "index_key": "filter_https",
          "schema_version": 1,
          "attributes": {
            "annotation": "orchestrator:terraform",
            "description": "This is filter filter_https created by terraform",
            "id": "uni/tn-tf_tn/flt-https",
            "name": "https",
            "name_alias": "",
            "relation_vz_rs_filt_graph_att": "",
            "relation_vz_rs_fwd_r_flt_p_att": "",
            "relation_vz_rs_rev_r_flt_p_att": "",
            "tenant_dn": "uni/tn-tf_tn"
          },
          "sensitive_attributes": [],
          "private": "eyJzY2hlbWFfdmVyc2lvbiI6IjEifQ==",
          "dependencies": [
            "aci_tenant.terraform_tenant"
          ]
        },
        {
          "index_key": "filter_sql",
          "schema_version": 1,
          "attributes": {
            "annotation": "orchestrator:terraform",
            "description": "This is filter filter_sql created by terraform",
            "id": "uni/tn-tf_tn/flt-sql",
            "name": "sql",
            "name_alias": "",
            "relation_vz_rs_filt_graph_att": "",
            "relation_vz_rs_fwd_r_flt_p_att": "",
            "relation_vz_rs_rev_r_flt_p_att": "",
            "tenant_dn": "uni/tn-tf_tn"
          },
          "sensitive_attributes": [],
          "private": "eyJzY2hlbWFfdmVyc2lvbiI6IjEifQ==",
          "dependencies": [
            "aci_tenant.terraform_tenant"
          ]
        }
      ]
    },
    {
      "mode": "managed",
      "type": "aci_filter_entry",
      "name": "terraform_filter_entry",
      "provider": "provider[\"registry.terraform.io/ciscodevnet/aci\"]",
      "instances": [
        {
          "index_key": "filter_https",
          "schema_version": 1,
          "attributes": {
            "annotation": "orchestrator:terraform",
            "apply_to_frag": "no",
            "arp_opc": "unspecified",
            "d_from_port": "443",
            "d_to_port": "443",
            "description": "",
            "ether_t": "ipv4",
            "filter_dn": "uni/tn-tf_tn/flt-https",
            "icmpv4_t": "unspecified",
            "icmpv6_t": "unspecified",
            "id": "uni/tn-tf_tn/flt-https/e-https",
            "match_dscp": "unspecified",
            "name": "https",
            "name_alias": "",
            "prot": "tcp",
            "s_from_port": "unspecified",
            "s_to_port": "unspecified",
            "stateful": "no",
            "tcp_rules": ""
          },
          "sensitive_attributes": [],
          "private": "eyJzY2hlbWFfdmVyc2lvbiI6IjEifQ==",
          "dependencies": [
            "aci_filter.terraform_filter",
            "aci_tenant.terraform_tenant"
          ]
        },
        {
          "index_key": "filter_sql",
          "schema_version": 1,
          "attributes": {
            "annotation": "orchestrator:terraform",
            "apply_to_frag": "no",
            "arp_opc": "unspecified",
            "d_from_port": "1433",
            "d_to_port": "1433",
            "description": "",
            "ether_t": "ipv4",
            "filter_dn": "uni/tn-tf_tn/flt-sql",
            "icmpv4_t": "unspecified",
            "icmpv6_t": "unspecified",
            "id": "uni/tn-tf_tn/flt-sql/e-sql",
            "match_dscp": "unspecified",
            "name": "sql",
            "name_alias": "",
            "prot": "tcp",
            "s_from_port": "unspecified",
            "s_to_port": "unspecified",
            "stateful": "no",
            "tcp_rules": ""
          },
          "sensitive_attributes": [],
          "private": "eyJzY2hlbWFfdmVyc2lvbiI6IjEifQ==",
          "dependencies": [
            "aci_filter.terraform_filter",
            "aci_tenant.terraform_tenant"
          ]
        }
      ]
    },
    {
      "mode": "managed",
      "type": "aci_subnet",
      "name": "terraform_bd_subnet",
      "provider": "provider[\"registry.terraform.io/ciscodevnet/aci\"]",
      "instances": [
        {
          "index_key": "bd_1",
          "schema_version": 1,
          "attributes": {
            "annotation": "orchestrator:terraform",
            "ctrl": [
              "nd"
            ],
            "description": "",
            "id": "uni/tn-tf_tn/BD-web_bd/subnet-[10.10.101.1/24]",
            "ip": "10.10.101.1/24",
            "name_alias": "",
            "parent_dn": "uni/tn-tf_tn/BD-web_bd",
            "preferred": "no",
            "relation_fv_rs_bd_subnet_to_out": null,
            "relation_fv_rs_bd_subnet_to_profile": "",
            "relation_fv_rs_nd_pfx_pol": "",
            "scope": [
              "private"
            ],
            "virtual": "no"
          },
          "sensitive_attributes": [],
          "private": "eyJzY2hlbWFfdmVyc2lvbiI6IjEifQ==",
          "dependencies": [
            "aci_bridge_domain.terraform_bd",
            "aci_tenant.terraform_tenant",
            "aci_vrf.terraform_vrf"
          ]
        },
        {
          "index_key": "bd_2",
          "schema_version": 1,
          "attributes": {
            "annotation": "orchestrator:terraform",
            "ctrl": [
              "nd"
            ],
            "description": "",
            "id": "uni/tn-tf_tn/BD-db_bd/subnet-[10.10.102.1/24]",
            "ip": "10.10.102.1/24",
            "name_alias": "",
            "parent_dn": "uni/tn-tf_tn/BD-db_bd",
            "preferred": "no",
            "relation_fv_rs_bd_subnet_to_out": null,
            "relation_fv_rs_bd_subnet_to_profile": "",
            "relation_fv_rs_nd_pfx_pol": "",
            "scope": [
              "private"
            ],
            "virtual": "no"
          },
          "sensitive_attributes": [],
          "private": "eyJzY2hlbWFfdmVyc2lvbiI6IjEifQ==",
          "dependencies": [
            "aci_bridge_domain.terraform_bd",
            "aci_tenant.terraform_tenant",
            "aci_vrf.terraform_vrf"
          ]
        }
      ]
    },
    {
      "mode": "managed",
      "type": "aci_tenant",
      "name": "terraform_tenant",
      "provider": "provider[\"registry.terraform.io/ciscodevnet/aci\"]",
      "instances": [
        {
          "schema_version": 1,
          "attributes": {
            "annotation": "orchestrator:terraform",
            "description": "created by Terraform",
            "id": "uni/tn-tf_tn",
            "name": "tf_tn",
            "name_alias": "",
            "relation_fv_rs_tenant_mon_pol": null,
            "relation_fv_rs_tn_deny_rule": null
          },
          "sensitive_attributes": [],
          "private": "eyJzY2hlbWFfdmVyc2lvbiI6IjEifQ=="
        }
      ]
    },
    {
      "mode": "managed",
      "type": "aci_vrf",
      "name": "terraform_vrf",
      "provider": "provider[\"registry.terraform.io/ciscodevnet/aci\"]",
      "instances": [
        {
          "index_key": "tf_vrf",
          "schema_version": 1,
          "attributes": {
            "annotation": "orchestrator:terraform",
            "bd_enforced_enable": "no",
            "description": "created by Terraform",
            "id": "uni/tn-tf_tn/ctx-tf_vrf",
            "ip_data_plane_learning": "enabled",
            "knw_mcast_act": "permit",
            "name": "tf_vrf",
            "name_alias": "",
            "pc_enf_dir": "ingress",
            "pc_enf_pref": "enforced",
            "relation_fv_rs_bgp_ctx_pol": null,
            "relation_fv_rs_ctx_mcast_to": null,
            "relation_fv_rs_ctx_mon_pol": "",
            "relation_fv_rs_ctx_to_bgp_ctx_af_pol": [],
            "relation_fv_rs_ctx_to_eigrp_ctx_af_pol": [],
            "relation_fv_rs_ctx_to_ep_ret": null,
            "relation_fv_rs_ctx_to_ext_route_tag_pol": null,
            "relation_fv_rs_ctx_to_ospf_ctx_pol": [],
            "relation_fv_rs_ospf_ctx_pol": null,
            "relation_fv_rs_vrf_validation_pol": null,
            "tenant_dn": "uni/tn-tf_tn"
          },
          "sensitive_attributes": [],
          "private": "eyJzY2hlbWFfdmVyc2lvbiI6IjEifQ==",
          "dependencies": [
            "aci_tenant.terraform_tenant"
          ]
        }
      ]
    }
  ],
  "check_results": null
}
